
Microsoft Visual Studio Solution File, Format Version 12.00
# Visual Studio Version 17
VisualStudioVersion = 17.1.32228.430
MinimumVisualStudioVersion = 10.0.40219.1
Project("{FAE04EC0-301F-11D3-BF4B-00C04F79EFBC}") = "Day_15_HashTable", "Day_15_HashTable.csproj", "{A27C0EDA-8422-429C-A09D-D0416BFB114D}"
EndProject
Global
	GlobalSection(SolutionConfigurationPlatforms) = preSolution
		Debug|Any CPU = Debug|Any CPU
		Release|Any CPU = Release|Any CPU
	EndGlobalSection
	GlobalSection(ProjectConfigurationPlatforms) = postSolution
		{A27C0EDA-8422-429C-A09D-D0416BFB114D}.Debug|Any CPU.ActiveCfg = Debug|Any CPU
		{A27C0EDA-8422-429C-A09D-D0416BFB114D}.Debug|Any CPU.Build.0 = Debug|Any CPU
		{A27C0EDA-8422-429C-A09D-D0416BFB114D}.Release|Any CPU.ActiveCfg = Release|Any CPU
		{A27C0EDA-8422-429C-A09D-D0416BFB114D}.Release|Any CPU.Build.0 = Release|Any CPU
	EndGlobalSection
	GlobalSection(SolutionProperties) = preSolution
		HideSolutionNode = FALSE
	EndGlobalSection
	GlobalSection(ExtensibilityGlobals) = postSolution
		SolutionGuid = {94AADE74-05D6-4C45-8335-77552A96F8EE}
	EndGlobalSection
EndGlobal
